
Microsoft Visual Studio Solution File, Format Version 12.00
# Visual Studio Version 16
VisualStudioVersion = 16.0.29318.209
MinimumVisualStudioVersion = 10.0.40219.1
Project("{FAE04EC0-301F-11D3-BF4B-00C04F79EFBC}") = "Test.UI", "Test\Test.UI.csproj", "{BD1A135E-E040-49CE-96F8-441A1FD24661}"
EndProject
Project("{FAE04EC0-301F-11D3-BF4B-00C04F79EFBC}") = "Test.BL", "Test.BL\Test.BL.csproj", "{A7680889-8E58-493B-9423-E09F6A3A6024}"
EndProject
Project("{FAE04EC0-301F-11D3-BF4B-00C04F79EFBC}") = "Test.CMD", "Test.CMD\Test.CMD.csproj", "{10043B15-13D2-4796-85BC-D0F43D2030BF}"
EndProject
Global
	GlobalSection(SolutionConfigurationPlatforms) = preSolution
		Debug|Any CPU = Debug|Any CPU
		Release|Any CPU = Release|Any CPU
	EndGlobalSection
	GlobalSection(ProjectConfigurationPlatforms) = postSolution
		{BD1A135E-E040-49CE-96F8-441A1FD24661}.Debug|Any CPU.ActiveCfg = Debug|Any CPU
		{BD1A135E-E040-49CE-96F8-441A1FD24661}.Debug|Any CPU.Build.0 = Debug|Any CPU
		{BD1A135E-E040-49CE-96F8-441A1FD24661}.Release|Any CPU.ActiveCfg = Release|Any CPU
		{BD1A135E-E040-49CE-96F8-441A1FD24661}.Release|Any CPU.Build.0 = Release|Any CPU
		{A7680889-8E58-493B-9423-E09F6A3A6024}.Debug|Any CPU.ActiveCfg = Debug|Any CPU
		{A7680889-8E58-493B-9423-E09F6A3A6024}.Debug|Any CPU.Build.0 = Debug|Any CPU
		{A7680889-8E58-493B-9423-E09F6A3A6024}.Release|Any CPU.ActiveCfg = Release|Any CPU
		{A7680889-8E58-493B-9423-E09F6A3A6024}.Release|Any CPU.Build.0 = Release|Any CPU
		{10043B15-13D2-4796-85BC-D0F43D2030BF}.Debug|Any CPU.ActiveCfg = Debug|Any CPU
		{10043B15-13D2-4796-85BC-D0F43D2030BF}.Debug|Any CPU.Build.0 = Debug|Any CPU
		{10043B15-13D2-4796-85BC-D0F43D2030BF}.Release|Any CPU.ActiveCfg = Release|Any CPU
		{10043B15-13D2-4796-85BC-D0F43D2030BF}.Release|Any CPU.Build.0 = Release|Any CPU
	EndGlobalSection
	GlobalSection(SolutionProperties) = preSolution
		HideSolutionNode = FALSE
	EndGlobalSection
	GlobalSection(ExtensibilityGlobals) = postSolution
		SolutionGuid = {9D834C9F-995D-46A0-B550-F86DCA303B74}
	EndGlobalSection
EndGlobal
